
Microsoft Visual Studio Solution File, Format Version 12.00
# Visual Studio Version 17
VisualStudioVersion = 17.3.32825.248
MinimumVisualStudioVersion = 10.0.40219.1
Project("{FAE04EC0-301F-11D3-BF4B-00C04F79EFBC}") = "tugasalgordata1", "tugasalgordata1\tugasalgordata1.csproj", "{A94C0FF2-B304-4E31-A6F6-6D414AD5D35E}"
EndProject
Global
	GlobalSection(SolutionConfigurationPlatforms) = preSolution
		Debug|Any CPU = Debug|Any CPU
		Release|Any CPU = Release|Any CPU
	EndGlobalSection
	GlobalSection(ProjectConfigurationPlatforms) = postSolution
		{A94C0FF2-B304-4E31-A6F6-6D414AD5D35E}.Debug|Any CPU.ActiveCfg = Debug|Any CPU
		{A94C0FF2-B304-4E31-A6F6-6D414AD5D35E}.Debug|Any CPU.Build.0 = Debug|Any CPU
		{A94C0FF2-B304-4E31-A6F6-6D414AD5D35E}.Release|Any CPU.ActiveCfg = Release|Any CPU
		{A94C0FF2-B304-4E31-A6F6-6D414AD5D35E}.Release|Any CPU.Build.0 = Release|Any CPU
	EndGlobalSection
	GlobalSection(SolutionProperties) = preSolution
		HideSolutionNode = FALSE
	EndGlobalSection
	GlobalSection(ExtensibilityGlobals) = postSolution
		SolutionGuid = {28578FD8-A499-4C4F-A743-5718687F371B}
	EndGlobalSection
EndGlobal
